// !$*UTF8*$!
{
	archiveVersion = 1;
	classes = {
	};
	objectVersion = 50;
	objects = {

/* Begin PBXBuildFile section */
		AE6B2F142398344D00B945E0 /* AppDelegate.swift in Sources */ = {isa = PBXBuildFile; fileRef = AE6B2F132398344D00B945E0 /* AppDelegate.swift */; };
		AE6B2F162398344D00B945E0 /* SceneDelegate.swift in Sources */ = {isa = PBXBuildFile; fileRef = AE6B2F152398344D00B945E0 /* SceneDelegate.swift */; };
		AE6B2F182398344D00B945E0 /* ViewController.swift in Sources */ = {isa = PBXBuildFile; fileRef = AE6B2F172398344D00B945E0 /* ViewController.swift */; };
		AE6B2F1B2398344D00B945E0 /* Main.storyboard in Resources */ = {isa = PBXBuildFile; fileRef = AE6B2F192398344D00B945E0 /* Main.storyboard */; };
		AE6B2F1D2398344F00B945E0 /* Assets.xcassets in Resources */ = {isa = PBXBuildFile; fileRef = AE6B2F1C2398344F00B945E0 /* Assets.xcassets */; };
		AE6B2F202398344F00B945E0 /* LaunchScreen.storyboard in Resources */ = {isa = PBXBuildFile; fileRef = AE6B2F1E2398344F00B945E0 /* LaunchScreen.storyboard */; };
		AE6B2F28239834C500B945E0 /* Coordinator.swift in Sources */ = {isa = PBXBuildFile; fileRef = AE6B2F27239834C500B945E0 /* Coordinator.swift */; };
		AE6B2F2A2398372500B945E0 /* StoryBoarded.swift in Sources */ = {isa = PBXBuildFile; fileRef = AE6B2F292398372500B945E0 /* StoryBoarded.swift */; };
		AE6B2F2C239838DD00B945E0 /* MainCoordinator.swift in Sources */ = {isa = PBXBuildFile; fileRef = AE6B2F2B239838DD00B945E0 /* MainCoordinator.swift */; };
		AE6B2F2E23983ADF00B945E0 /* BuyViewController.swift in Sources */ = {isa = PBXBuildFile; fileRef = AE6B2F2D23983ADF00B945E0 /* BuyViewController.swift */; };
		AE6B2F3023983AEF00B945E0 /* CreateAccountViewController.swift in Sources */ = {isa = PBXBuildFile; fileRef = AE6B2F2F23983AEF00B945E0 /* CreateAccountViewController.swift */; };
/* End PBXBuildFile section */

/* Begin PBXFileReference section */
		AE6B2F102398344D00B945E0 /* CoordinatorTest.app */ = {isa = PBXFileReference; explicitFileType = wrapper.application; includeInIndex = 0; path = CoordinatorTest.app; sourceTree = BUILT_PRODUCTS_DIR; };
		AE6B2F132398344D00B945E0 /* AppDelegate.swift */ = {isa = PBXFileReference; lastKnownFileType = sourcecode.swift; path = AppDelegate.swift; sourceTree = "<group>"; };
		AE6B2F152398344D00B945E0 /* SceneDelegate.swift */ = {isa = PBXFileReference; lastKnownFileType = sourcecode.swift; path = SceneDelegate.swift; sourceTree = "<group>"; };
		AE6B2F172398344D00B945E0 /* ViewController.swift */ = {isa = PBXFileReference; lastKnownFileType = sourcecode.swift; path = ViewController.swift; sourceTree = "<group>"; };
		AE6B2F1A2398344D00B945E0 /* Base */ = {isa = PBXFileReference; lastKnownFileType = file.storyboard; name = Base; path = Base.lproj/Main.storyboard; sourceTree = "<group>"; };
		AE6B2F1C2398344F00B945E0 /* Assets.xcassets */ = {isa = PBXFileReference; lastKnownFileType = folder.assetcatalog; path = Assets.xcassets; sourceTree = "<group>"; };
		AE6B2F1F2398344F00B945E0 /* Base */ = {isa = PBXFileReference; lastKnownFileType = file.storyboard; name = Base; path = Base.lproj/LaunchScreen.storyboard; sourceTree = "<group>"; };
		AE6B2F212398344F00B945E0 /* Info.plist */ = {isa = PBXFileReference; lastKnownFileType = text.plist.xml; path = Info.plist; sourceTree = "<group>"; };
		AE6B2F27239834C500B945E0 /* Coordinator.swift */ = {isa = PBXFileReference; lastKnownFileType = sourcecode.swift; path = Coordinator.swift; sourceTree = "<group>"; };
		AE6B2F292398372500B945E0 /* StoryBoarded.swift */ = {isa = PBXFileReference; lastKnownFileType = sourcecode.swift; path = StoryBoarded.swift; sourceTree = "<group>"; };
		AE6B2F2B239838DD00B945E0 /* MainCoordinator.swift */ = {isa = PBXFileReference; lastKnownFileType = sourcecode.swift; path = MainCoordinator.swift; sourceTree = "<group>"; };
		AE6B2F2D23983ADF00B945E0 /* BuyViewController.swift */ = {isa = PBXFileReference; lastKnownFileType = sourcecode.swift; path = BuyViewController.swift; sourceTree = "<group>"; };
		AE6B2F2F23983AEF00B945E0 /* CreateAccountViewController.swift */ = {isa = PBXFileReference; lastKnownFileType = sourcecode.swift; path = CreateAccountViewController.swift; sourceTree = "<group>"; };
/* End PBXFileReference section */

/* Begin PBXFrameworksBuildPhase section */
		AE6B2F0D2398344D00B945E0 /* Frameworks */ = {
			isa = PBXFrameworksBuildPhase;
			buildActionMask = 2147483647;
			files = (
			);
			runOnlyForDeploymentPostprocessing = 0;
		};
/* End PBXFrameworksBuildPhase section */

/* Begin PBXGroup section */
		AE6B2F072398344D00B945E0 = {
			isa = PBXGroup;
			children = (
				AE6B2F122398344D00B945E0 /* CoordinatorTest */,
				AE6B2F112398344D00B945E0 /* Products */,
			);
			sourceTree = "<group>";
		};
		AE6B2F112398344D00B945E0 /* Products */ = {
			isa = PBXGroup;
			children = (
				AE6B2F102398344D00B945E0 /* CoordinatorTest.app */,
			);
			name = Products;
			sourceTree = "<group>";
		};
		AE6B2F122398344D00B945E0 /* CoordinatorTest */ = {
			isa = PBXGroup;
			children = (
				AE6B2F132398344D00B945E0 /* AppDelegate.swift */,
				AE6B2F152398344D00B945E0 /* SceneDelegate.swift */,
				AE6B2F172398344D00B945E0 /* ViewController.swift */,
				AE6B2F192398344D00B945E0 /* Main.storyboard */,
				AE6B2F1C2398344F00B945E0 /* Assets.xcassets */,
				AE6B2F1E2398344F00B945E0 /* LaunchScreen.storyboard */,
				AE6B2F212398344F00B945E0 /* Info.plist */,
				AE6B2F27239834C500B945E0 /* Coordinator.swift */,
				AE6B2F292398372500B945E0 /* StoryBoarded.swift */,
				AE6B2F2B239838DD00B945E0 /* MainCoordinator.swift */,
				AE6B2F2D23983ADF00B945E0 /* BuyViewController.swift */,
				AE6B2F2F23983AEF00B945E0 /* CreateAccountViewController.swift */,
			);
			path = CoordinatorTest;
			sourceTree = "<group>";
		};
/* End PBXGroup section */

/* Begin PBXNativeTarget section */
		AE6B2F0F2398344D00B945E0 /* CoordinatorTest */ = {
			isa = PBXNativeTarget;
			buildConfigurationList = AE6B2F242398344F00B945E0 /* Build configuration list for PBXNativeTarget "CoordinatorTest" */;
			buildPhases = (
				AE6B2F0C2398344D00B945E0 /* Sources */,
				AE6B2F0D2398344D00B945E0 /* Frameworks */,
				AE6B2F0E2398344D00B945E0 /* Resources */,
			);
			buildRules = (
			);
			dependencies = (
			);
			name = CoordinatorTest;
			productName = CoordinatorTest;
			productReference = AE6B2F102398344D00B945E0 /* CoordinatorTest.app */;
			productType = "com.apple.product-type.application";
		};
/* End PBXNativeTarget section */

/* Begin PBXProject section */
		AE6B2F082398344D00B945E0 /* Project object */ = {
			isa = PBXProject;
			attributes = {
				LastSwiftUpdateCheck = 1120;
				LastUpgradeCheck = 1120;
				ORGANIZATIONNAME = "Hadley Igoe";
				TargetAttributes = {
					AE6B2F0F2398344D00B945E0 = {
						CreatedOnToolsVersion = 11.2.1;
					};
				};
			};
			buildConfigurationList = AE6B2F0B2398344D00B945E0 /* Build configuration list for PBXProject "CoordinatorTest" */;
			compatibilityVersion = "Xcode 9.3";
			developmentRegion = en;
			hasScannedForEncodings = 0;
			knownRegions = (
				en,
				Base,
			);
			mainGroup = AE6B2F072398344D00B945E0;
			productRefGroup = AE6B2F112398344D00B945E0 /* Products */;
			projectDirPath = "";
			projectRoot = "";
			targets = (
				AE6B2F0F2398344D00B945E0 /* CoordinatorTest */,
			);
		};
/* End PBXProject section */

/* Begin PBXResourcesBuildPhase section */
		AE6B2F0E2398344D00B945E0 /* Resources */ = {
			isa = PBXResourcesBuildPhase;
			buildActionMask = 2147483647;
			files = (
				AE6B2F202398344F00B945E0 /* LaunchScreen.storyboard in Resources */,
				AE6B2F1D2398344F00B945E0 /* Assets.xcassets in Resources */,
				AE6B2F1B2398344D00B945E0 /* Main.storyboard in Resources */,
			);
			runOnlyForDeploymentPostprocessing = 0;
		};
/* End PBXResourcesBuildPhase section */

/* Begin PBXSourcesBuildPhase section */
		AE6B2F0C2398344D00B945E0 /* Sources */ = {
			isa = PBXSourcesBuildPhase;
			buildActionMask = 2147483647;
			files = (
				AE6B2F2A2398372500B945E0 /* StoryBoarded.swift in Sources */,
				AE6B2F2C239838DD00B945E0 /* MainCoordinator.swift in Sources */,
				AE6B2F28239834C500B945E0 /* Coordinator.swift in Sources */,
				AE6B2F182398344D00B945E0 /* ViewController.swift in Sources */,
				AE6B2F3023983AEF00B945E0 /* CreateAccountViewController.swift in Sources */,
				AE6B2F142398344D00B945E0 /* AppDelegate.swift in Sources */,
				AE6B2F2E23983ADF00B945E0 /* BuyViewController.swift in Sources */,
				AE6B2F162398344D00B945E0 /* SceneDelegate.swift in Sources */,
			);
			runOnlyForDeploymentPostprocessing = 0;
		};
/* End PBXSourcesBuildPhase section */

/* Begin PBXVariantGroup section */
		AE6B2F192398344D00B945E0 /* Main.storyboard */ = {
			isa = PBXVariantGroup;
			children = (
				AE6B2F1A2398344D00B945E0 /* Base */,
			);
			name = Main.storyboard;
			sourceTree = "<group>";
		};
		AE6B2F1E2398344F00B945E0 /* LaunchScreen.storyboard */ = {
			isa = PBXVariantGroup;
			children = (
				AE6B2F1F2398344F00B945E0 /* Base */,
			);
			name = LaunchScreen.storyboard;
			sourceTree = "<group>";
		};
/* End PBXVariantGroup section */

/* Begin XCBuildConfiguration section */
		AE6B2F222398344F00B945E0 /* Debug */ = {
			isa = XCBuildConfiguration;
			buildSettings = {
				ALWAYS_SEARCH_USER_PATHS = NO;
				CLANG_ANALYZER_NONNULL = YES;
				CLANG_ANALYZER_NUMBER_OBJECT_CONVERSION = YES_AGGRESSIVE;
				CLANG_CXX_LANGUAGE_STANDARD = "gnu++14";
				CLANG_CXX_LIBRARY = "libc++";
				CLANG_ENABLE_MODULES = YES;
				CLANG_ENABLE_OBJC_ARC = YES;
				CLANG_ENABLE_OBJC_WEAK = YES;
				CLANG_WARN_BLOCK_CAPTURE_AUTORELEASING = YES;
				CLANG_WARN_BOOL_CONVERSION = YES;
				CLANG_WARN_COMMA = YES;
				CLANG_WARN_CONSTANT_CONVERSION = YES;
				CLANG_WARN_DEPRECATED_OBJC_IMPLEMENTATIONS = YES;
				CLANG_WARN_DIRECT_OBJC_ISA_USAGE = YES_ERROR;
				CLANG_WARN_DOCUMENTATION_COMMENTS = YES;
				CLANG_WARN_EMPTY_BODY = YES;
				CLANG_WARN_ENUM_CONVERSION = YES;
				CLANG_WARN_INFINITE_RECURSION = YES;
				CLANG_WARN_INT_CONVERSION = YES;
				CLANG_WARN_NON_LITERAL_NULL_CONVERSION = YES;
				CLANG_WARN_OBJC_IMPLICIT_RETAIN_SELF = YES;
				CLANG_WARN_OBJC_LITERAL_CONVERSION = YES;
				CLANG_WARN_OBJC_ROOT_CLASS = YES_ERROR;
				CLANG_WARN_RANGE_LOOP_ANALYSIS = YES;
				CLANG_WARN_STRICT_PROTOTYPES = YES;
				CLANG_WARN_SUSPICIOUS_MOVE = YES;
				CLANG_WARN_UNGUARDED_AVAILABILITY = YES_AGGRESSIVE;
				CLANG_WARN_UNREACHABLE_CODE = YES;
				CLANG_WARN__DUPLICATE_METHOD_MATCH = YES;
				COPY_PHASE_STRIP = NO;
				DEBUG_INFORMATION_FORMAT = dwarf;
				ENABLE_STRICT_OBJC_MSGSEND = YES;
				ENABLE_TESTABILITY = YES;
				GCC_C_LANGUAGE_STANDARD = gnu11;
				GCC_DYNAMIC_NO_PIC = NO;
				GCC_NO_COMMON_BLOCKS = YES;
				GCC_OPTIMIZATION_LEVEL = 0;
				GCC_PREPROCESSOR_DEFINITIONS = (
					"DEBUG=1",
					"$(inherited)",
				);
				GCC_WARN_64_TO_32_BIT_CONVERSION = YES;
				GCC_WARN_ABOUT_RETURN_TYPE = YES_ERROR;
				GCC_WARN_UNDECLARED_SELECTOR = YES;
				GCC_WARN_UNINITIALIZED_AUTOS = YES_AGGRESSIVE;
				GCC_WARN_UNUSED_FUNCTION = YES;
				GCC_WARN_UNUSED_VARIABLE = YES;
				IPHONEOS_DEPLOYMENT_TARGET = 13.2;
				MTL_ENABLE_DEBUG_INFO = INCLUDE_SOURCE;
				MTL_FAST_MATH = YES;
				ONLY_ACTIVE_ARCH = YES;
				SDKROOT = iphoneos;
				SWIFT_ACTIVE_COMPILATION_CONDITIONS = DEBUG;
				SWIFT_OPTIMIZATION_LEVEL = "-Onone";
			};
			name = Debug;
		};
		AE6B2F232398344F00B945E0 /* Release */ = {
			isa = XCBuildConfiguration;
			buildSettings = {
				ALWAYS_SEARCH_USER_PATHS = NO;
				CLANG_ANALYZER_NONNULL = YES;
				CLANG_ANALYZER_NUMBER_OBJECT_CONVERSION = YES_AGGRESSIVE;
				CLANG_CXX_LANGUAGE_STANDARD = "gnu++14";
				CLANG_CXX_LIBRARY = "libc++";
				CLANG_ENABLE_MODULES = YES;
				CLANG_ENABLE_OBJC_ARC = YES;
				CLANG_ENABLE_OBJC_WEAK = YES;
				CLANG_WARN_BLOCK_CAPTURE_AUTORELEASING = YES;
				CLANG_WARN_BOOL_CONVERSION = YES;
				CLANG_WARN_COMMA = YES;
				CLANG_WARN_CONSTANT_CONVERSION = YES;
				CLANG_WARN_DEPRECATED_OBJC_IMPLEMENTATIONS = YES;
				CLANG_WARN_DIRECT_OBJC_ISA_USAGE = YES_ERROR;
				CLANG_WARN_DOCUMENTATION_COMMENTS = YES;
				CLANG_WARN_EMPTY_BODY = YES;
				CLANG_WARN_ENUM_CONVERSION = YES;
				CLANG_WARN_INFINITE_RECURSION = YES;
				CLANG_WARN_INT_CONVERSION = YES;
				CLANG_WARN_NON_LITERAL_NULL_CONVERSION = YES;
				CLANG_WARN_OBJC_IMPLICIT_RETAIN_SELF = YES;
				CLANG_WARN_OBJC_LITERAL_CONVERSION = YES;
				CLANG_WARN_OBJC_ROOT_CLASS = YES_ERROR;
				CLANG_WARN_RANGE_LOOP_ANALYSIS = YES;
				CLANG_WARN_STRICT_PROTOTYPES = YES;
				CLANG_WARN_SUSPICIOUS_MOVE = YES;
				CLANG_WARN_UNGUARDED_AVAILABILITY = YES_AGGRESSIVE;
				CLANG_WARN_UNREACHABLE_CODE = YES;
				CLANG_WARN__DUPLICATE_METHOD_MATCH = YES;
				COPY_PHASE_STRIP = NO;
				DEBUG_INFORMATION_FORMAT = "dwarf-with-dsym";
				ENABLE_NS_ASSERTIONS = NO;
				ENABLE_STRICT_OBJC_MSGSEND = YES;
				GCC_C_LANGUAGE_STANDARD = gnu11;
				GCC_NO_COMMON_BLOCKS = YES;
				GCC_WARN_64_TO_32_BIT_CONVERSION = YES;
				GCC_WARN_ABOUT_RETURN_TYPE = YES_ERROR;
				GCC_WARN_UNDECLARED_SELECTOR = YES;
				GCC_WARN_UNINITIALIZED_AUTOS = YES_AGGRESSIVE;
				GCC_WARN_UNUSED_FUNCTION = YES;
				GCC_WARN_UNUSED_VARIABLE = YES;
				IPHONEOS_DEPLOYMENT_TARGET = 13.2;
				MTL_ENABLE_DEBUG_INFO = NO;
				MTL_FAST_MATH = YES;
				SDKROOT = iphoneos;
				SWIFT_COMPILATION_MODE = wholemodule;
				SWIFT_OPTIMIZATION_LEVEL = "-O";
				VALIDATE_PRODUCT = YES;
			};
			name = Release;
		};
		AE6B2F252398344F00B945E0 /* Debug */ = {
			isa = XCBuildConfiguration;
			buildSettings = {
				ASSETCATALOG_COMPILER_APPICON_NAME = AppIcon;
				CODE_SIGN_STYLE = Automatic;
				DEVELOPMENT_TEAM = K5QZLH9XHN;
				INFOPLIST_FILE = CoordinatorTest/Info.plist;
				LD_RUNPATH_SEARCH_PATHS = (
					"$(inherited)",
					"@executable_path/Frameworks",
				);
				PRODUCT_BUNDLE_IDENTIFIER = com.hadleyigoe.CoordinatorTest;
				PRODUCT_NAME = "$(TARGET_NAME)";
				SWIFT_VERSION = 5.0;
				TARGETED_DEVICE_FAMILY = "1,2";
			};
			name = Debug;
		};
		AE6B2F262398344F00B945E0 /* Release */ = {
			isa = XCBuildConfiguration;
			buildSettings = {
				ASSETCATALOG_COMPILER_APPICON_NAME = AppIcon;
				CODE_SIGN_STYLE = Automatic;
				DEVELOPMENT_TEAM = K5QZLH9XHN;
				INFOPLIST_FILE = CoordinatorTest/Info.plist;
				LD_RUNPATH_SEARCH_PATHS = (
					"$(inherited)",
					"@executable_path/Frameworks",
				);
				PRODUCT_BUNDLE_IDENTIFIER = com.hadleyigoe.CoordinatorTest;
				PRODUCT_NAME = "$(TARGET_NAME)";
				SWIFT_VERSION = 5.0;
				TARGETED_DEVICE_FAMILY = "1,2";
			};
			name = Release;
		};
/* End XCBuildConfiguration section */

/* Begin XCConfigurationList section */
		AE6B2F0B2398344D00B945E0 /* Build configuration list for PBXProject "CoordinatorTest" */ = {
			isa = XCConfigurationList;
			buildConfigurations = (
				AE6B2F222398344F00B945E0 /* Debug */,
				AE6B2F232398344F00B945E0 /* Release */,
			);
			defaultConfigurationIsVisible = 0;
			defaultConfigurationName = Release;
		};
		AE6B2F242398344F00B945E0 /* Build configuration list for PBXNativeTarget "CoordinatorTest" */ = {
			isa = XCConfigurationList;
			buildConfigurations = (
				AE6B2F252398344F00B945E0 /* Debug */,
				AE6B2F262398344F00B945E0 /* Release */,
			);
			defaultConfigurationIsVisible = 0;
			defaultConfigurationName = Release;
		};
/* End XCConfigurationList section */
	};
	rootObject = AE6B2F082398344D00B945E0 /* Project object */;
}
